
Microsoft Visual Studio Solution File, Format Version 12.00
# Visual Studio Version 16
VisualStudioVersion = 16.0.32126.315
MinimumVisualStudioVersion = 10.0.40219.1
Project("{FAE04EC0-301F-11D3-BF4B-00C04F79EFBC}") = "WEB ASP 1", "WEB ASP 1.csproj", "{EAAF640C-3FD3-47C3-AA76-8230D659D578}"
EndProject
Global
	GlobalSection(SolutionConfigurationPlatforms) = preSolution
		Debug|Any CPU = Debug|Any CPU
		Release|Any CPU = Release|Any CPU
	EndGlobalSection
	GlobalSection(ProjectConfigurationPlatforms) = postSolution
		{EAAF640C-3FD3-47C3-AA76-8230D659D578}.Debug|Any CPU.ActiveCfg = Debug|Any CPU
		{EAAF640C-3FD3-47C3-AA76-8230D659D578}.Debug|Any CPU.Build.0 = Debug|Any CPU
		{EAAF640C-3FD3-47C3-AA76-8230D659D578}.Release|Any CPU.ActiveCfg = Release|Any CPU
		{EAAF640C-3FD3-47C3-AA76-8230D659D578}.Release|Any CPU.Build.0 = Release|Any CPU
	EndGlobalSection
	GlobalSection(SolutionProperties) = preSolution
		HideSolutionNode = FALSE
	EndGlobalSection
	GlobalSection(ExtensibilityGlobals) = postSolution
		SolutionGuid = {B71D8738-5017-4547-8B50-E9C41CC63CC6}
	EndGlobalSection
EndGlobal
